
Microsoft Visual Studio Solution File, Format Version 12.00
# Visual Studio 14
VisualStudioVersion = 14.0.25123.0
MinimumVisualStudioVersion = 10.0.40219.1
Project("{FAE04EC0-301F-11D3-BF4B-00C04F79EFBC}") = "ClassLibrary1", "ClassLibrary1\ClassLibrary1.csproj", "{E93A09F5-14B7-4530-AF79-13B2648F601D}"
EndProject
Project("{FAE04EC0-301F-11D3-BF4B-00C04F79EFBC}") = "ConsoleApplication1", "ConsoleApplication1\ConsoleApplication1.csproj", "{5ACEFC2E-710B-4160-9D25-4419A36D5E2F}"
EndProject
Global
	GlobalSection(SolutionConfigurationPlatforms) = preSolution
		Debug|Any CPU = Debug|Any CPU
		Release|Any CPU = Release|Any CPU
	EndGlobalSection
	GlobalSection(ProjectConfigurationPlatforms) = postSolution
		{E93A09F5-14B7-4530-AF79-13B2648F601D}.Debug|Any CPU.ActiveCfg = Debug|Any CPU
		{E93A09F5-14B7-4530-AF79-13B2648F601D}.Debug|Any CPU.Build.0 = Debug|Any CPU
		{E93A09F5-14B7-4530-AF79-13B2648F601D}.Release|Any CPU.ActiveCfg = Release|Any CPU
		{E93A09F5-14B7-4530-AF79-13B2648F601D}.Release|Any CPU.Build.0 = Release|Any CPU
		{5ACEFC2E-710B-4160-9D25-4419A36D5E2F}.Debug|Any CPU.ActiveCfg = Debug|Any CPU
		{5ACEFC2E-710B-4160-9D25-4419A36D5E2F}.Debug|Any CPU.Build.0 = Debug|Any CPU
		{5ACEFC2E-710B-4160-9D25-4419A36D5E2F}.Release|Any CPU.ActiveCfg = Release|Any CPU
		{5ACEFC2E-710B-4160-9D25-4419A36D5E2F}.Release|Any CPU.Build.0 = Release|Any CPU
	EndGlobalSection
	GlobalSection(SolutionProperties) = preSolution
		HideSolutionNode = FALSE
	EndGlobalSection
EndGlobal
